// !$*UTF8*$!
{
	archiveVersion = 1;
	classes = {
	};
	objectVersion = 50;
	objects = {

/* Begin PBXBuildFile section */
		F84EE03A22E5953A007049BF /* ErrorMatcherTests.swift in Sources */ = {isa = PBXBuildFile; fileRef = F84EE03922E5953A007049BF /* ErrorMatcherTests.swift */; };
		F84EE03D22E59C28007049BF /* ActionHandlerTests.swift in Sources */ = {isa = PBXBuildFile; fileRef = F84EE03C22E59C28007049BF /* ActionHandlerTests.swift */; };
		F854450322E1EC9400DE0761 /* AppDelegate.swift in Sources */ = {isa = PBXBuildFile; fileRef = F854450222E1EC9400DE0761 /* AppDelegate.swift */; };
		F854450522E1EC9400DE0761 /* ViewController.swift in Sources */ = {isa = PBXBuildFile; fileRef = F854450422E1EC9400DE0761 /* ViewController.swift */; };
		F854450822E1EC9400DE0761 /* Main.storyboard in Resources */ = {isa = PBXBuildFile; fileRef = F854450622E1EC9400DE0761 /* Main.storyboard */; };
		F854450A22E1EC9500DE0761 /* Assets.xcassets in Resources */ = {isa = PBXBuildFile; fileRef = F854450922E1EC9500DE0761 /* Assets.xcassets */; };
		F854450D22E1EC9500DE0761 /* LaunchScreen.storyboard in Resources */ = {isa = PBXBuildFile; fileRef = F854450B22E1EC9500DE0761 /* LaunchScreen.storyboard */; };
		F854453C22E1ECAB00DE0761 /* ErrorHandler.framework in Frameworks */ = {isa = PBXBuildFile; fileRef = F854453322E1ECAB00DE0761 /* ErrorHandler.framework */; };
		F854454522E1ECAB00DE0761 /* ErrorHandler.h in Headers */ = {isa = PBXBuildFile; fileRef = F854453522E1ECAB00DE0761 /* ErrorHandler.h */; settings = {ATTRIBUTES = (Public, ); }; };
		F854454822E1ECAB00DE0761 /* ErrorHandler.framework in Frameworks */ = {isa = PBXBuildFile; fileRef = F854453322E1ECAB00DE0761 /* ErrorHandler.framework */; };
		F854454922E1ECAB00DE0761 /* ErrorHandler.framework in Embed Frameworks */ = {isa = PBXBuildFile; fileRef = F854453322E1ECAB00DE0761 /* ErrorHandler.framework */; settings = {ATTRIBUTES = (CodeSignOnCopy, RemoveHeadersOnCopy, ); }; };
		F854455D22E1ECF000DE0761 /* ErrorHandler.swift in Sources */ = {isa = PBXBuildFile; fileRef = F854455822E1ECF000DE0761 /* ErrorHandler.swift */; };
		F854455F22E1ECF000DE0761 /* Error+String.swift in Sources */ = {isa = PBXBuildFile; fileRef = F854455C22E1ECF000DE0761 /* Error+String.swift */; };
		F854456122E1ED6400DE0761 /* ErrorHandlerView.swift in Sources */ = {isa = PBXBuildFile; fileRef = F854456022E1ED6400DE0761 /* ErrorHandlerView.swift */; };
		F854456422E1EEBC00DE0761 /* ActionHandler.swift in Sources */ = {isa = PBXBuildFile; fileRef = F854456322E1EEBC00DE0761 /* ActionHandler.swift */; };
		F854456722E1EF0400DE0761 /* ConfirmableAlert.swift in Sources */ = {isa = PBXBuildFile; fileRef = F854456622E1EF0400DE0761 /* ConfirmableAlert.swift */; };
		F854456922E1EF1B00DE0761 /* ErrorAlert.swift in Sources */ = {isa = PBXBuildFile; fileRef = F854456822E1EF1B00DE0761 /* ErrorAlert.swift */; };
		F854456B22E1F5B100DE0761 /* RejectableAlert.swift in Sources */ = {isa = PBXBuildFile; fileRef = F854456A22E1F5B100DE0761 /* RejectableAlert.swift */; };
		F86381DE22EAF39A00A035BE /* DispatchGroup+Enter.swift in Sources */ = {isa = PBXBuildFile; fileRef = F86381DD22EAF39A00A035BE /* DispatchGroup+Enter.swift */; };
		F86381E222EAF7D800A035BE /* ErrorHandlerTests.swift in Sources */ = {isa = PBXBuildFile; fileRef = F86381E122EAF7D800A035BE /* ErrorHandlerTests.swift */; };
		F86381E422EAF88D00A035BE /* MockedView.swift in Sources */ = {isa = PBXBuildFile; fileRef = F86381E322EAF88D00A035BE /* MockedView.swift */; };
		F86381E622EAF8A400A035BE /* MockedAlert.swift in Sources */ = {isa = PBXBuildFile; fileRef = F86381E522EAF8A400A035BE /* MockedAlert.swift */; };
		F86ECD6422E2003800DB4488 /* ErrorMatcher.swift in Sources */ = {isa = PBXBuildFile; fileRef = F86ECD6322E2003800DB4488 /* ErrorMatcher.swift */; };
/* End PBXBuildFile section */

/* Begin PBXContainerItemProxy section */
		F854453D22E1ECAB00DE0761 /* PBXContainerItemProxy */ = {
			isa = PBXContainerItemProxy;
			containerPortal = F85444C322E1EC4C00DE0761 /* Project object */;
			proxyType = 1;
			remoteGlobalIDString = F854453222E1ECAB00DE0761;
			remoteInfo = ErrorHandler;
		};
		F854453F22E1ECAB00DE0761 /* PBXContainerItemProxy */ = {
			isa = PBXContainerItemProxy;
			containerPortal = F85444C322E1EC4C00DE0761 /* Project object */;
			proxyType = 1;
			remoteGlobalIDString = F85444FF22E1EC9400DE0761;
			remoteInfo = Demo;
		};
		F854454622E1ECAB00DE0761 /* PBXContainerItemProxy */ = {
			isa = PBXContainerItemProxy;
			containerPortal = F85444C322E1EC4C00DE0761 /* Project object */;
			proxyType = 1;
			remoteGlobalIDString = F854453222E1ECAB00DE0761;
			remoteInfo = ErrorHandler;
		};
/* End PBXContainerItemProxy section */

/* Begin PBXCopyFilesBuildPhase section */
		F854454D22E1ECAB00DE0761 /* Embed Frameworks */ = {
			isa = PBXCopyFilesBuildPhase;
			buildActionMask = 2147483647;
			dstPath = "";
			dstSubfolderSpec = 10;
			files = (
				F854454922E1ECAB00DE0761 /* ErrorHandler.framework in Embed Frameworks */,
			);
			name = "Embed Frameworks";
			runOnlyForDeploymentPostprocessing = 0;
		};
/* End PBXCopyFilesBuildPhase section */

/* Begin PBXFileReference section */
		F84EE03922E5953A007049BF /* ErrorMatcherTests.swift */ = {isa = PBXFileReference; lastKnownFileType = sourcecode.swift; path = ErrorMatcherTests.swift; sourceTree = "<group>"; };
		F84EE03C22E59C28007049BF /* ActionHandlerTests.swift */ = {isa = PBXFileReference; lastKnownFileType = sourcecode.swift; path = ActionHandlerTests.swift; sourceTree = "<group>"; };
		F854450022E1EC9400DE0761 /* Demo.app */ = {isa = PBXFileReference; explicitFileType = wrapper.application; includeInIndex = 0; path = Demo.app; sourceTree = BUILT_PRODUCTS_DIR; };
		F854450222E1EC9400DE0761 /* AppDelegate.swift */ = {isa = PBXFileReference; lastKnownFileType = sourcecode.swift; path = AppDelegate.swift; sourceTree = "<group>"; };
		F854450422E1EC9400DE0761 /* ViewController.swift */ = {isa = PBXFileReference; lastKnownFileType = sourcecode.swift; path = ViewController.swift; sourceTree = "<group>"; };
		F854450722E1EC9400DE0761 /* Base */ = {isa = PBXFileReference; lastKnownFileType = file.storyboard; name = Base; path = Base.lproj/Main.storyboard; sourceTree = "<group>"; };
		F854450922E1EC9500DE0761 /* Assets.xcassets */ = {isa = PBXFileReference; lastKnownFileType = folder.assetcatalog; path = Assets.xcassets; sourceTree = "<group>"; };
		F854450C22E1EC9500DE0761 /* Base */ = {isa = PBXFileReference; lastKnownFileType = file.storyboard; name = Base; path = Base.lproj/LaunchScreen.storyboard; sourceTree = "<group>"; };
		F854450E22E1EC9500DE0761 /* Info.plist */ = {isa = PBXFileReference; lastKnownFileType = text.plist.xml; path = Info.plist; sourceTree = "<group>"; };
		F854453322E1ECAB00DE0761 /* ErrorHandler.framework */ = {isa = PBXFileReference; explicitFileType = wrapper.framework; includeInIndex = 0; path = ErrorHandler.framework; sourceTree = BUILT_PRODUCTS_DIR; };
		F854453522E1ECAB00DE0761 /* ErrorHandler.h */ = {isa = PBXFileReference; lastKnownFileType = sourcecode.c.h; path = ErrorHandler.h; sourceTree = "<group>"; };
		F854453622E1ECAB00DE0761 /* Info.plist */ = {isa = PBXFileReference; lastKnownFileType = text.plist.xml; path = Info.plist; sourceTree = "<group>"; };
		F854453B22E1ECAB00DE0761 /* ErrorHandlerTests.xctest */ = {isa = PBXFileReference; explicitFileType = wrapper.cfbundle; includeInIndex = 0; path = ErrorHandlerTests.xctest; sourceTree = BUILT_PRODUCTS_DIR; };
		F854454422E1ECAB00DE0761 /* Info.plist */ = {isa = PBXFileReference; lastKnownFileType = text.plist.xml; path = Info.plist; sourceTree = "<group>"; };
		F854455822E1ECF000DE0761 /* ErrorHandler.swift */ = {isa = PBXFileReference; fileEncoding = 4; lastKnownFileType = sourcecode.swift; path = ErrorHandler.swift; sourceTree = "<group>"; };
		F854455C22E1ECF000DE0761 /* Error+String.swift */ = {isa = PBXFileReference; fileEncoding = 4; lastKnownFileType = sourcecode.swift; path = "Error+String.swift"; sourceTree = "<group>"; };
		F854456022E1ED6400DE0761 /* ErrorHandlerView.swift */ = {isa = PBXFileReference; lastKnownFileType = sourcecode.swift; path = ErrorHandlerView.swift; sourceTree = "<group>"; };
		F854456322E1EEBC00DE0761 /* ActionHandler.swift */ = {isa = PBXFileReference; lastKnownFileType = sourcecode.swift; path = ActionHandler.swift; sourceTree = "<group>"; };
		F854456622E1EF0400DE0761 /* ConfirmableAlert.swift */ = {isa = PBXFileReference; lastKnownFileType = sourcecode.swift; path = ConfirmableAlert.swift; sourceTree = "<group>"; };
		F854456822E1EF1B00DE0761 /* ErrorAlert.swift */ = {isa = PBXFileReference; lastKnownFileType = sourcecode.swift; path = ErrorAlert.swift; sourceTree = "<group>"; };
		F854456A22E1F5B100DE0761 /* RejectableAlert.swift */ = {isa = PBXFileReference; lastKnownFileType = sourcecode.swift; path = RejectableAlert.swift; sourceTree = "<group>"; };
		F86381DD22EAF39A00A035BE /* DispatchGroup+Enter.swift */ = {isa = PBXFileReference; lastKnownFileType = sourcecode.swift; path = "DispatchGroup+Enter.swift"; sourceTree = "<group>"; };
		F86381E122EAF7D800A035BE /* ErrorHandlerTests.swift */ = {isa = PBXFileReference; fileEncoding = 4; lastKnownFileType = sourcecode.swift; path = ErrorHandlerTests.swift; sourceTree = "<group>"; };
		F86381E322EAF88D00A035BE /* MockedView.swift */ = {isa = PBXFileReference; lastKnownFileType = sourcecode.swift; path = MockedView.swift; sourceTree = "<group>"; };
		F86381E522EAF8A400A035BE /* MockedAlert.swift */ = {isa = PBXFileReference; lastKnownFileType = sourcecode.swift; path = MockedAlert.swift; sourceTree = "<group>"; };
		F86ECD6322E2003800DB4488 /* ErrorMatcher.swift */ = {isa = PBXFileReference; lastKnownFileType = sourcecode.swift; path = ErrorMatcher.swift; sourceTree = "<group>"; };
/* End PBXFileReference section */

/* Begin PBXFrameworksBuildPhase section */
		F85444FD22E1EC9400DE0761 /* Frameworks */ = {
			isa = PBXFrameworksBuildPhase;
			buildActionMask = 2147483647;
			files = (
				F854454822E1ECAB00DE0761 /* ErrorHandler.framework in Frameworks */,
			);
			runOnlyForDeploymentPostprocessing = 0;
		};
		F854453022E1ECAB00DE0761 /* Frameworks */ = {
			isa = PBXFrameworksBuildPhase;
			buildActionMask = 2147483647;
			files = (
			);
			runOnlyForDeploymentPostprocessing = 0;
		};
		F854453822E1ECAB00DE0761 /* Frameworks */ = {
			isa = PBXFrameworksBuildPhase;
			buildActionMask = 2147483647;
			files = (
				F854453C22E1ECAB00DE0761 /* ErrorHandler.framework in Frameworks */,
			);
			runOnlyForDeploymentPostprocessing = 0;
		};
/* End PBXFrameworksBuildPhase section */

/* Begin PBXGroup section */
		F84EE03822E59499007049BF /* Matchers */ = {
			isa = PBXGroup;
			children = (
				F86ECD6322E2003800DB4488 /* ErrorMatcher.swift */,
			);
			path = Matchers;
			sourceTree = "<group>";
		};
		F85444C222E1EC4C00DE0761 = {
			isa = PBXGroup;
			children = (
				F854450122E1EC9400DE0761 /* Demo */,
				F854453422E1ECAB00DE0761 /* ErrorHandler */,
				F854454122E1ECAB00DE0761 /* ErrorHandlerTests */,
				F85444CC22E1EC4C00DE0761 /* Products */,
			);
			sourceTree = "<group>";
		};
		F85444CC22E1EC4C00DE0761 /* Products */ = {
			isa = PBXGroup;
			children = (
				F854450022E1EC9400DE0761 /* Demo.app */,
				F854453322E1ECAB00DE0761 /* ErrorHandler.framework */,
				F854453B22E1ECAB00DE0761 /* ErrorHandlerTests.xctest */,
			);
			name = Products;
			sourceTree = "<group>";
		};
		F854450122E1EC9400DE0761 /* Demo */ = {
			isa = PBXGroup;
			children = (
				F854450222E1EC9400DE0761 /* AppDelegate.swift */,
				F854450422E1EC9400DE0761 /* ViewController.swift */,
				F854450622E1EC9400DE0761 /* Main.storyboard */,
				F854450922E1EC9500DE0761 /* Assets.xcassets */,
				F854450B22E1EC9500DE0761 /* LaunchScreen.storyboard */,
				F854450E22E1EC9500DE0761 /* Info.plist */,
			);
			path = Demo;
			sourceTree = "<group>";
		};
		F854453422E1ECAB00DE0761 /* ErrorHandler */ = {
			isa = PBXGroup;
			children = (
				F84EE03822E59499007049BF /* Matchers */,
				F854456522E1EEF400DE0761 /* Actions */,
				F854455722E1ECF000DE0761 /* Manager */,
				F854455B22E1ECF000DE0761 /* Extension */,
				F854455922E1ECF000DE0761 /* Protocol */,
				F854453522E1ECAB00DE0761 /* ErrorHandler.h */,
				F854453622E1ECAB00DE0761 /* Info.plist */,
			);
			path = ErrorHandler;
			sourceTree = "<group>";
		};
		F854454122E1ECAB00DE0761 /* ErrorHandlerTests */ = {
			isa = PBXGroup;
			children = (
				F86381DC22EAF39000A035BE /* Helpers */,
				F854454422E1ECAB00DE0761 /* Info.plist */,
				F84EE03922E5953A007049BF /* ErrorMatcherTests.swift */,
				F84EE03C22E59C28007049BF /* ActionHandlerTests.swift */,
				F86381E122EAF7D800A035BE /* ErrorHandlerTests.swift */,
			);
			path = ErrorHandlerTests;
			sourceTree = "<group>";
		};
		F854455722E1ECF000DE0761 /* Manager */ = {
			isa = PBXGroup;
			children = (
				F854455822E1ECF000DE0761 /* ErrorHandler.swift */,
			);
			path = Manager;
			sourceTree = "<group>";
		};
		F854455922E1ECF000DE0761 /* Protocol */ = {
			isa = PBXGroup;
			children = (
				F854456022E1ED6400DE0761 /* ErrorHandlerView.swift */,
				F854456822E1EF1B00DE0761 /* ErrorAlert.swift */,
			);
			path = Protocol;
			sourceTree = "<group>";
		};
		F854455B22E1ECF000DE0761 /* Extension */ = {
			isa = PBXGroup;
			children = (
				F854455C22E1ECF000DE0761 /* Error+String.swift */,
			);
			path = Extension;
			sourceTree = "<group>";
		};
		F854456522E1EEF400DE0761 /* Actions */ = {
			isa = PBXGroup;
			children = (
				F854456322E1EEBC00DE0761 /* ActionHandler.swift */,
				F854456622E1EF0400DE0761 /* ConfirmableAlert.swift */,
				F854456A22E1F5B100DE0761 /* RejectableAlert.swift */,
			);
			path = Actions;
			sourceTree = "<group>";
		};
		F86381DC22EAF39000A035BE /* Helpers */ = {
			isa = PBXGroup;
			children = (
				F86381DD22EAF39A00A035BE /* DispatchGroup+Enter.swift */,
				F86381E322EAF88D00A035BE /* MockedView.swift */,
				F86381E522EAF8A400A035BE /* MockedAlert.swift */,
			);
			path = Helpers;
			sourceTree = "<group>";
		};
/* End PBXGroup section */

/* Begin PBXHeadersBuildPhase section */
		F854452E22E1ECAB00DE0761 /* Headers */ = {
			isa = PBXHeadersBuildPhase;
			buildActionMask = 2147483647;
			files = (
				F854454522E1ECAB00DE0761 /* ErrorHandler.h in Headers */,
			);
			runOnlyForDeploymentPostprocessing = 0;
		};
/* End PBXHeadersBuildPhase section */

/* Begin PBXNativeTarget section */
		F85444FF22E1EC9400DE0761 /* Demo */ = {
			isa = PBXNativeTarget;
			buildConfigurationList = F854452522E1EC9500DE0761 /* Build configuration list for PBXNativeTarget "Demo" */;
			buildPhases = (
				F85444FC22E1EC9400DE0761 /* Sources */,
				F85444FD22E1EC9400DE0761 /* Frameworks */,
				F85444FE22E1EC9400DE0761 /* Resources */,
				F854454D22E1ECAB00DE0761 /* Embed Frameworks */,
			);
			buildRules = (
			);
			dependencies = (
				F854454722E1ECAB00DE0761 /* PBXTargetDependency */,
			);
			name = Demo;
			productName = Demo;
			productReference = F854450022E1EC9400DE0761 /* Demo.app */;
			productType = "com.apple.product-type.application";
		};
		F854453222E1ECAB00DE0761 /* ErrorHandler */ = {
			isa = PBXNativeTarget;
			buildConfigurationList = F854454A22E1ECAB00DE0761 /* Build configuration list for PBXNativeTarget "ErrorHandler" */;
			buildPhases = (
				F854452E22E1ECAB00DE0761 /* Headers */,
				F854452F22E1ECAB00DE0761 /* Sources */,
				F854453022E1ECAB00DE0761 /* Frameworks */,
				F854453122E1ECAB00DE0761 /* Resources */,
			);
			buildRules = (
			);
			dependencies = (
			);
			name = ErrorHandler;
			productName = ErrorHandler;
			productReference = F854453322E1ECAB00DE0761 /* ErrorHandler.framework */;
			productType = "com.apple.product-type.framework";
		};
		F854453A22E1ECAB00DE0761 /* ErrorHandlerTests */ = {
			isa = PBXNativeTarget;
			buildConfigurationList = F854454E22E1ECAB00DE0761 /* Build configuration list for PBXNativeTarget "ErrorHandlerTests" */;
			buildPhases = (
				F854453722E1ECAB00DE0761 /* Sources */,
				F854453822E1ECAB00DE0761 /* Frameworks */,
				F854453922E1ECAB00DE0761 /* Resources */,
			);
			buildRules = (
			);
			dependencies = (
				F854453E22E1ECAB00DE0761 /* PBXTargetDependency */,
				F854454022E1ECAB00DE0761 /* PBXTargetDependency */,
			);
			name = ErrorHandlerTests;
			productName = ErrorHandlerTests;
			productReference = F854453B22E1ECAB00DE0761 /* ErrorHandlerTests.xctest */;
			productType = "com.apple.product-type.bundle.unit-test";
		};
/* End PBXNativeTarget section */

/* Begin PBXProject section */
		F85444C322E1EC4C00DE0761 /* Project object */ = {
			isa = PBXProject;
			attributes = {
				LastSwiftUpdateCheck = 1020;
				LastUpgradeCheck = 1020;
				ORGANIZATIONNAME = stefanrenne;
				TargetAttributes = {
					F85444FF22E1EC9400DE0761 = {
						CreatedOnToolsVersion = 10.2.1;
					};
					F854453222E1ECAB00DE0761 = {
						CreatedOnToolsVersion = 10.2.1;
					};
					F854453A22E1ECAB00DE0761 = {
						CreatedOnToolsVersion = 10.2.1;
						TestTargetID = F85444FF22E1EC9400DE0761;
					};
				};
			};
			buildConfigurationList = F85444C622E1EC4C00DE0761 /* Build configuration list for PBXProject "ErrorHandler" */;
			compatibilityVersion = "Xcode 9.3";
			developmentRegion = en;
			hasScannedForEncodings = 0;
			knownRegions = (
				en,
				Base,
			);
			mainGroup = F85444C222E1EC4C00DE0761;
			productRefGroup = F85444CC22E1EC4C00DE0761 /* Products */;
			projectDirPath = "";
			projectRoot = "";
			targets = (
				F85444FF22E1EC9400DE0761 /* Demo */,
				F854453222E1ECAB00DE0761 /* ErrorHandler */,
				F854453A22E1ECAB00DE0761 /* ErrorHandlerTests */,
			);
		};
/* End PBXProject section */

/* Begin PBXResourcesBuildPhase section */
		F85444FE22E1EC9400DE0761 /* Resources */ = {
			isa = PBXResourcesBuildPhase;
			buildActionMask = 2147483647;
			files = (
				F854450D22E1EC9500DE0761 /* LaunchScreen.storyboard in Resources */,
				F854450A22E1EC9500DE0761 /* Assets.xcassets in Resources */,
				F854450822E1EC9400DE0761 /* Main.storyboard in Resources */,
			);
			runOnlyForDeploymentPostprocessing = 0;
		};
		F854453122E1ECAB00DE0761 /* Resources */ = {
			isa = PBXResourcesBuildPhase;
			buildActionMask = 2147483647;
			files = (
			);
			runOnlyForDeploymentPostprocessing = 0;
		};
		F854453922E1ECAB00DE0761 /* Resources */ = {
			isa = PBXResourcesBuildPhase;
			buildActionMask = 2147483647;
			files = (
			);
			runOnlyForDeploymentPostprocessing = 0;
		};
/* End PBXResourcesBuildPhase section */

/* Begin PBXSourcesBuildPhase section */
		F85444FC22E1EC9400DE0761 /* Sources */ = {
			isa = PBXSourcesBuildPhase;
			buildActionMask = 2147483647;
			files = (
				F854450522E1EC9400DE0761 /* ViewController.swift in Sources */,
				F854450322E1EC9400DE0761 /* AppDelegate.swift in Sources */,
			);
			runOnlyForDeploymentPostprocessing = 0;
		};
		F854452F22E1ECAB00DE0761 /* Sources */ = {
			isa = PBXSourcesBuildPhase;
			buildActionMask = 2147483647;
			files = (
				F854455D22E1ECF000DE0761 /* ErrorHandler.swift in Sources */,
				F854456B22E1F5B100DE0761 /* RejectableAlert.swift in Sources */,
				F854456722E1EF0400DE0761 /* ConfirmableAlert.swift in Sources */,
				F854456122E1ED6400DE0761 /* ErrorHandlerView.swift in Sources */,
				F854455F22E1ECF000DE0761 /* Error+String.swift in Sources */,
				F854456422E1EEBC00DE0761 /* ActionHandler.swift in Sources */,
				F854456922E1EF1B00DE0761 /* ErrorAlert.swift in Sources */,
				F86ECD6422E2003800DB4488 /* ErrorMatcher.swift in Sources */,
			);
			runOnlyForDeploymentPostprocessing = 0;
		};
		F854453722E1ECAB00DE0761 /* Sources */ = {
			isa = PBXSourcesBuildPhase;
			buildActionMask = 2147483647;
			files = (
				F84EE03D22E59C28007049BF /* ActionHandlerTests.swift in Sources */,
				F86381E222EAF7D800A035BE /* ErrorHandlerTests.swift in Sources */,
				F86381E422EAF88D00A035BE /* MockedView.swift in Sources */,
				F86381E622EAF8A400A035BE /* MockedAlert.swift in Sources */,
				F86381DE22EAF39A00A035BE /* DispatchGroup+Enter.swift in Sources */,
				F84EE03A22E5953A007049BF /* ErrorMatcherTests.swift in Sources */,
			);
			runOnlyForDeploymentPostprocessing = 0;
		};
/* End PBXSourcesBuildPhase section */

/* Begin PBXTargetDependency section */
		F854453E22E1ECAB00DE0761 /* PBXTargetDependency */ = {
			isa = PBXTargetDependency;
			target = F854453222E1ECAB00DE0761 /* ErrorHandler */;
			targetProxy = F854453D22E1ECAB00DE0761 /* PBXContainerItemProxy */;
		};
		F854454022E1ECAB00DE0761 /* PBXTargetDependency */ = {
			isa = PBXTargetDependency;
			target = F85444FF22E1EC9400DE0761 /* Demo */;
			targetProxy = F854453F22E1ECAB00DE0761 /* PBXContainerItemProxy */;
		};
		F854454722E1ECAB00DE0761 /* PBXTargetDependency */ = {
			isa = PBXTargetDependency;
			target = F854453222E1ECAB00DE0761 /* ErrorHandler */;
			targetProxy = F854454622E1ECAB00DE0761 /* PBXContainerItemProxy */;
		};
/* End PBXTargetDependency section */

/* Begin PBXVariantGroup section */
		F854450622E1EC9400DE0761 /* Main.storyboard */ = {
			isa = PBXVariantGroup;
			children = (
				F854450722E1EC9400DE0761 /* Base */,
			);
			name = Main.storyboard;
			sourceTree = "<group>";
		};
		F854450B22E1EC9500DE0761 /* LaunchScreen.storyboard */ = {
			isa = PBXVariantGroup;
			children = (
				F854450C22E1EC9500DE0761 /* Base */,
			);
			name = LaunchScreen.storyboard;
			sourceTree = "<group>";
		};
/* End PBXVariantGroup section */

/* Begin XCBuildConfiguration section */
		F85444F122E1EC4C00DE0761 /* Debug */ = {
			isa = XCBuildConfiguration;
			buildSettings = {
				ALWAYS_SEARCH_USER_PATHS = NO;
				CLANG_ANALYZER_NONNULL = YES;
				CLANG_ANALYZER_NUMBER_OBJECT_CONVERSION = YES_AGGRESSIVE;
				CLANG_CXX_LANGUAGE_STANDARD = "gnu++14";
				CLANG_CXX_LIBRARY = "libc++";
				CLANG_ENABLE_MODULES = YES;
				CLANG_ENABLE_OBJC_ARC = YES;
				CLANG_ENABLE_OBJC_WEAK = YES;
				CLANG_WARN_BLOCK_CAPTURE_AUTORELEASING = YES;
				CLANG_WARN_BOOL_CONVERSION = YES;
				CLANG_WARN_COMMA = YES;
				CLANG_WARN_CONSTANT_CONVERSION = YES;
				CLANG_WARN_DEPRECATED_OBJC_IMPLEMENTATIONS = YES;
				CLANG_WARN_DIRECT_OBJC_ISA_USAGE = YES_ERROR;
				CLANG_WARN_DOCUMENTATION_COMMENTS = YES;
				CLANG_WARN_EMPTY_BODY = YES;
				CLANG_WARN_ENUM_CONVERSION = YES;
				CLANG_WARN_INFINITE_RECURSION = YES;
				CLANG_WARN_INT_CONVERSION = YES;
				CLANG_WARN_NON_LITERAL_NULL_CONVERSION = YES;
				CLANG_WARN_OBJC_IMPLICIT_RETAIN_SELF = YES;
				CLANG_WARN_OBJC_LITERAL_CONVERSION = YES;
				CLANG_WARN_OBJC_ROOT_CLASS = YES_ERROR;
				CLANG_WARN_RANGE_LOOP_ANALYSIS = YES;
				CLANG_WARN_STRICT_PROTOTYPES = YES;
				CLANG_WARN_SUSPICIOUS_MOVE = YES;
				CLANG_WARN_UNGUARDED_AVAILABILITY = YES_AGGRESSIVE;
				CLANG_WARN_UNREACHABLE_CODE = YES;
				CLANG_WARN__DUPLICATE_METHOD_MATCH = YES;
				CODE_SIGN_IDENTITY = "iPhone Developer";
				COPY_PHASE_STRIP = NO;
				DEBUG_INFORMATION_FORMAT = dwarf;
				ENABLE_STRICT_OBJC_MSGSEND = YES;
				ENABLE_TESTABILITY = YES;
				GCC_C_LANGUAGE_STANDARD = gnu11;
				GCC_DYNAMIC_NO_PIC = NO;
				GCC_NO_COMMON_BLOCKS = YES;
				GCC_OPTIMIZATION_LEVEL = 0;
				GCC_PREPROCESSOR_DEFINITIONS = (
					"DEBUG=1",
					"$(inherited)",
				);
				GCC_WARN_64_TO_32_BIT_CONVERSION = YES;
				GCC_WARN_ABOUT_RETURN_TYPE = YES_ERROR;
				GCC_WARN_UNDECLARED_SELECTOR = YES;
				GCC_WARN_UNINITIALIZED_AUTOS = YES_AGGRESSIVE;
				GCC_WARN_UNUSED_FUNCTION = YES;
				GCC_WARN_UNUSED_VARIABLE = YES;
				IPHONEOS_DEPLOYMENT_TARGET = 12.2;
				MTL_ENABLE_DEBUG_INFO = INCLUDE_SOURCE;
				MTL_FAST_MATH = YES;
				ONLY_ACTIVE_ARCH = YES;
				SDKROOT = iphoneos;
				SWIFT_ACTIVE_COMPILATION_CONDITIONS = DEBUG;
				SWIFT_OPTIMIZATION_LEVEL = "-Onone";
			};
			name = Debug;
		};
		F85444F222E1EC4C00DE0761 /* Release */ = {
			isa = XCBuildConfiguration;
			buildSettings = {
				ALWAYS_SEARCH_USER_PATHS = NO;
				CLANG_ANALYZER_NONNULL = YES;
				CLANG_ANALYZER_NUMBER_OBJECT_CONVERSION = YES_AGGRESSIVE;
				CLANG_CXX_LANGUAGE_STANDARD = "gnu++14";
				CLANG_CXX_LIBRARY = "libc++";
				CLANG_ENABLE_MODULES = YES;
				CLANG_ENABLE_OBJC_ARC = YES;
				CLANG_ENABLE_OBJC_WEAK = YES;
				CLANG_WARN_BLOCK_CAPTURE_AUTORELEASING = YES;
				CLANG_WARN_BOOL_CONVERSION = YES;
				CLANG_WARN_COMMA = YES;
				CLANG_WARN_CONSTANT_CONVERSION = YES;
				CLANG_WARN_DEPRECATED_OBJC_IMPLEMENTATIONS = YES;
				CLANG_WARN_DIRECT_OBJC_ISA_USAGE = YES_ERROR;
				CLANG_WARN_DOCUMENTATION_COMMENTS = YES;
				CLANG_WARN_EMPTY_BODY = YES;
				CLANG_WARN_ENUM_CONVERSION = YES;
				CLANG_WARN_INFINITE_RECURSION = YES;
				CLANG_WARN_INT_CONVERSION = YES;
				CLANG_WARN_NON_LITERAL_NULL_CONVERSION = YES;
				CLANG_WARN_OBJC_IMPLICIT_RETAIN_SELF = YES;
				CLANG_WARN_OBJC_LITERAL_CONVERSION = YES;
				CLANG_WARN_OBJC_ROOT_CLASS = YES_ERROR;
				CLANG_WARN_RANGE_LOOP_ANALYSIS = YES;
				CLANG_WARN_STRICT_PROTOTYPES = YES;
				CLANG_WARN_SUSPICIOUS_MOVE = YES;
				CLANG_WARN_UNGUARDED_AVAILABILITY = YES_AGGRESSIVE;
				CLANG_WARN_UNREACHABLE_CODE = YES;
				CLANG_WARN__DUPLICATE_METHOD_MATCH = YES;
				CODE_SIGN_IDENTITY = "iPhone Developer";
				COPY_PHASE_STRIP = NO;
				DEBUG_INFORMATION_FORMAT = "dwarf-with-dsym";
				ENABLE_NS_ASSERTIONS = NO;
				ENABLE_STRICT_OBJC_MSGSEND = YES;
				GCC_C_LANGUAGE_STANDARD = gnu11;
				GCC_NO_COMMON_BLOCKS = YES;
				GCC_WARN_64_TO_32_BIT_CONVERSION = YES;
				GCC_WARN_ABOUT_RETURN_TYPE = YES_ERROR;
				GCC_WARN_UNDECLARED_SELECTOR = YES;
				GCC_WARN_UNINITIALIZED_AUTOS = YES_AGGRESSIVE;
				GCC_WARN_UNUSED_FUNCTION = YES;
				GCC_WARN_UNUSED_VARIABLE = YES;
				IPHONEOS_DEPLOYMENT_TARGET = 12.2;
				MTL_ENABLE_DEBUG_INFO = NO;
				MTL_FAST_MATH = YES;
				SDKROOT = iphoneos;
				SWIFT_COMPILATION_MODE = wholemodule;
				SWIFT_OPTIMIZATION_LEVEL = "-O";
				VALIDATE_PRODUCT = YES;
			};
			name = Release;
		};
		F854452622E1EC9500DE0761 /* Debug */ = {
			isa = XCBuildConfiguration;
			buildSettings = {
				ALWAYS_EMBED_SWIFT_STANDARD_LIBRARIES = YES;
				ASSETCATALOG_COMPILER_APPICON_NAME = AppIcon;
				CODE_SIGN_STYLE = Automatic;
				INFOPLIST_FILE = Demo/Info.plist;
				LD_RUNPATH_SEARCH_PATHS = (
					"$(inherited)",
					"@executable_path/Frameworks",
				);
				PRODUCT_BUNDLE_IDENTIFIER = com.stefanrenne.Demo;
				PRODUCT_NAME = "$(TARGET_NAME)";
				SWIFT_VERSION = 5.0;
				TARGETED_DEVICE_FAMILY = "1,2";
			};
			name = Debug;
		};
		F854452722E1EC9500DE0761 /* Release */ = {
			isa = XCBuildConfiguration;
			buildSettings = {
				ALWAYS_EMBED_SWIFT_STANDARD_LIBRARIES = YES;
				ASSETCATALOG_COMPILER_APPICON_NAME = AppIcon;
				CODE_SIGN_STYLE = Automatic;
				INFOPLIST_FILE = Demo/Info.plist;
				LD_RUNPATH_SEARCH_PATHS = (
					"$(inherited)",
					"@executable_path/Frameworks",
				);
				PRODUCT_BUNDLE_IDENTIFIER = com.stefanrenne.Demo;
				PRODUCT_NAME = "$(TARGET_NAME)";
				SWIFT_VERSION = 5.0;
				TARGETED_DEVICE_FAMILY = "1,2";
			};
			name = Release;
		};
		F854454B22E1ECAB00DE0761 /* Debug */ = {
			isa = XCBuildConfiguration;
			buildSettings = {
				CODE_SIGN_IDENTITY = "";
				CODE_SIGN_STYLE = Automatic;
				CURRENT_PROJECT_VERSION = 1;
				DEFINES_MODULE = YES;
				DYLIB_COMPATIBILITY_VERSION = 1;
				DYLIB_CURRENT_VERSION = 1;
				DYLIB_INSTALL_NAME_BASE = "@rpath";
				INFOPLIST_FILE = ErrorHandler/Info.plist;
				INSTALL_PATH = "$(LOCAL_LIBRARY_DIR)/Frameworks";
				LD_RUNPATH_SEARCH_PATHS = (
					"$(inherited)",
					"@executable_path/Frameworks",
					"@loader_path/Frameworks",
				);
				PRODUCT_BUNDLE_IDENTIFIER = com.stefanrenne.ErrorHandler;
				PRODUCT_NAME = "$(TARGET_NAME:c99extidentifier)";
				SKIP_INSTALL = YES;
				SWIFT_VERSION = 5.0;
				TARGETED_DEVICE_FAMILY = "1,2";
				VERSIONING_SYSTEM = "apple-generic";
				VERSION_INFO_PREFIX = "";
			};
			name = Debug;
		};
		F854454C22E1ECAB00DE0761 /* Release */ = {
			isa = XCBuildConfiguration;
			buildSettings = {
				CODE_SIGN_IDENTITY = "";
				CODE_SIGN_STYLE = Automatic;
				CURRENT_PROJECT_VERSION = 1;
				DEFINES_MODULE = YES;
				DYLIB_COMPATIBILITY_VERSION = 1;
				DYLIB_CURRENT_VERSION = 1;
				DYLIB_INSTALL_NAME_BASE = "@rpath";
				INFOPLIST_FILE = ErrorHandler/Info.plist;
				INSTALL_PATH = "$(LOCAL_LIBRARY_DIR)/Frameworks";
				LD_RUNPATH_SEARCH_PATHS = (
					"$(inherited)",
					"@executable_path/Frameworks",
					"@loader_path/Frameworks",
				);
				PRODUCT_BUNDLE_IDENTIFIER = com.stefanrenne.ErrorHandler;
				PRODUCT_NAME = "$(TARGET_NAME:c99extidentifier)";
				SKIP_INSTALL = YES;
				SWIFT_VERSION = 5.0;
				TARGETED_DEVICE_FAMILY = "1,2";
				VERSIONING_SYSTEM = "apple-generic";
				VERSION_INFO_PREFIX = "";
			};
			name = Release;
		};
		F854454F22E1ECAB00DE0761 /* Debug */ = {
			isa = XCBuildConfiguration;
			buildSettings = {
				ALWAYS_EMBED_SWIFT_STANDARD_LIBRARIES = YES;
				CODE_SIGN_STYLE = Automatic;
				INFOPLIST_FILE = ErrorHandlerTests/Info.plist;
				LD_RUNPATH_SEARCH_PATHS = (
					"$(inherited)",
					"@executable_path/Frameworks",
					"@loader_path/Frameworks",
				);
				PRODUCT_BUNDLE_IDENTIFIER = com.stefanrenne.ErrorHandlerTests;
				PRODUCT_NAME = "$(TARGET_NAME)";
				SWIFT_VERSION = 5.0;
				TARGETED_DEVICE_FAMILY = "1,2";
				TEST_HOST = "$(BUILT_PRODUCTS_DIR)/Demo.app/Demo";
			};
			name = Debug;
		};
		F854455022E1ECAB00DE0761 /* Release */ = {
			isa = XCBuildConfiguration;
			buildSettings = {
				ALWAYS_EMBED_SWIFT_STANDARD_LIBRARIES = YES;
				CODE_SIGN_STYLE = Automatic;
				INFOPLIST_FILE = ErrorHandlerTests/Info.plist;
				LD_RUNPATH_SEARCH_PATHS = (
					"$(inherited)",
					"@executable_path/Frameworks",
					"@loader_path/Frameworks",
				);
				PRODUCT_BUNDLE_IDENTIFIER = com.stefanrenne.ErrorHandlerTests;
				PRODUCT_NAME = "$(TARGET_NAME)";
				SWIFT_VERSION = 5.0;
				TARGETED_DEVICE_FAMILY = "1,2";
				TEST_HOST = "$(BUILT_PRODUCTS_DIR)/Demo.app/Demo";
			};
			name = Release;
		};
/* End XCBuildConfiguration section */

/* Begin XCConfigurationList section */
		F85444C622E1EC4C00DE0761 /* Build configuration list for PBXProject "ErrorHandler" */ = {
			isa = XCConfigurationList;
			buildConfigurations = (
				F85444F122E1EC4C00DE0761 /* Debug */,
				F85444F222E1EC4C00DE0761 /* Release */,
			);
			defaultConfigurationIsVisible = 0;
			defaultConfigurationName = Release;
		};
		F854452522E1EC9500DE0761 /* Build configuration list for PBXNativeTarget "Demo" */ = {
			isa = XCConfigurationList;
			buildConfigurations = (
				F854452622E1EC9500DE0761 /* Debug */,
				F854452722E1EC9500DE0761 /* Release */,
			);
			defaultConfigurationIsVisible = 0;
			defaultConfigurationName = Release;
		};
		F854454A22E1ECAB00DE0761 /* Build configuration list for PBXNativeTarget "ErrorHandler" */ = {
			isa = XCConfigurationList;
			buildConfigurations = (
				F854454B22E1ECAB00DE0761 /* Debug */,
				F854454C22E1ECAB00DE0761 /* Release */,
			);
			defaultConfigurationIsVisible = 0;
			defaultConfigurationName = Release;
		};
		F854454E22E1ECAB00DE0761 /* Build configuration list for PBXNativeTarget "ErrorHandlerTests" */ = {
			isa = XCConfigurationList;
			buildConfigurations = (
				F854454F22E1ECAB00DE0761 /* Debug */,
				F854455022E1ECAB00DE0761 /* Release */,
			);
			defaultConfigurationIsVisible = 0;
			defaultConfigurationName = Release;
		};
/* End XCConfigurationList section */
	};
	rootObject = F85444C322E1EC4C00DE0761 /* Project object */;
}
